
Microsoft Visual Studio Solution File, Format Version 12.00
# Visual Studio Version 17
VisualStudioVersion = 17.3.32922.545
MinimumVisualStudioVersion = 10.0.40219.1
Project("{FAE04EC0-301F-11D3-BF4B-00C04F79EFBC}") = "SpecFlowOtp", "SpecFlowOtp\SpecFlowOtp.csproj", "{B9FE7833-2EC7-4728-A648-652AC486BE27}"
EndProject
Global
	GlobalSection(SolutionConfigurationPlatforms) = preSolution
		Debug|Any CPU = Debug|Any CPU
		Release|Any CPU = Release|Any CPU
	EndGlobalSection
	GlobalSection(ProjectConfigurationPlatforms) = postSolution
		{B9FE7833-2EC7-4728-A648-652AC486BE27}.Debug|Any CPU.ActiveCfg = Debug|Any CPU
		{B9FE7833-2EC7-4728-A648-652AC486BE27}.Debug|Any CPU.Build.0 = Debug|Any CPU
		{B9FE7833-2EC7-4728-A648-652AC486BE27}.Release|Any CPU.ActiveCfg = Release|Any CPU
		{B9FE7833-2EC7-4728-A648-652AC486BE27}.Release|Any CPU.Build.0 = Release|Any CPU
	EndGlobalSection
	GlobalSection(SolutionProperties) = preSolution
		HideSolutionNode = FALSE
	EndGlobalSection
	GlobalSection(ExtensibilityGlobals) = postSolution
		SolutionGuid = {158E6DD9-02B2-4E7F-8BF1-1F4CA3036D80}
	EndGlobalSection
EndGlobal
