
Microsoft Visual Studio Solution File, Format Version 12.00
# Visual Studio Version 17
VisualStudioVersion = 17.4.33213.308
MinimumVisualStudioVersion = 10.0.40219.1
Project("{FAE04EC0-301F-11D3-BF4B-00C04F79EFBC}") = "Fyp_Arshi", "Fyp_Arshi.csproj", "{CC40B783-CFD9-4ACA-AF60-24D4EB899A63}"
EndProject
Global
	GlobalSection(SolutionConfigurationPlatforms) = preSolution
		Debug|Any CPU = Debug|Any CPU
		Release|Any CPU = Release|Any CPU
	EndGlobalSection
	GlobalSection(ProjectConfigurationPlatforms) = postSolution
		{CC40B783-CFD9-4ACA-AF60-24D4EB899A63}.Debug|Any CPU.ActiveCfg = Debug|Any CPU
		{CC40B783-CFD9-4ACA-AF60-24D4EB899A63}.Debug|Any CPU.Build.0 = Debug|Any CPU
		{CC40B783-CFD9-4ACA-AF60-24D4EB899A63}.Release|Any CPU.ActiveCfg = Release|Any CPU
		{CC40B783-CFD9-4ACA-AF60-24D4EB899A63}.Release|Any CPU.Build.0 = Release|Any CPU
	EndGlobalSection
	GlobalSection(SolutionProperties) = preSolution
		HideSolutionNode = FALSE
	EndGlobalSection
	GlobalSection(ExtensibilityGlobals) = postSolution
		SolutionGuid = {24387780-1DC6-4D02-B6D1-E64038C01938}
	EndGlobalSection
EndGlobal
